// !$*UTF8*$!
{
	archiveVersion = 1;
	classes = {
	};
	objectVersion = 50;
	objects = {

/* Begin PBXBuildFile section */
		2E2CA98320C3785A00B5CCF4 /* NewMessageController.swift in Sources */ = {isa = PBXBuildFile; fileRef = 2E2CA98220C3785A00B5CCF4 /* NewMessageController.swift */; };
		2E2CA98620C4ACC800B5CCF4 /* User.swift in Sources */ = {isa = PBXBuildFile; fileRef = 2E2CA98520C4ACC800B5CCF4 /* User.swift */; };
		2E2CA98820C5FF6E00B5CCF4 /* LoginController+handlers.swift in Sources */ = {isa = PBXBuildFile; fileRef = 2E2CA98720C5FF6E00B5CCF4 /* LoginController+handlers.swift */; };
		2E3AD48A20CEFEFD003E4877 /* Extensions.swift in Sources */ = {isa = PBXBuildFile; fileRef = 2E3AD48920CEFEFD003E4877 /* Extensions.swift */; };
		2E53C69E20D81717008E88E8 /* ChatLogController.swift in Sources */ = {isa = PBXBuildFile; fileRef = 2E53C69D20D81717008E88E8 /* ChatLogController.swift */; };
		2E83065920C104690073B06E /* AppDelegate.swift in Sources */ = {isa = PBXBuildFile; fileRef = 2E83065820C104690073B06E /* AppDelegate.swift */; };
		2E83065B20C104690073B06E /* MessagesController.swift in Sources */ = {isa = PBXBuildFile; fileRef = 2E83065A20C104690073B06E /* MessagesController.swift */; };
		2E83065E20C104690073B06E /* Main.storyboard in Resources */ = {isa = PBXBuildFile; fileRef = 2E83065C20C104690073B06E /* Main.storyboard */; };
		2E83066120C104690073B06E /* chat.xcdatamodeld in Sources */ = {isa = PBXBuildFile; fileRef = 2E83065F20C104690073B06E /* chat.xcdatamodeld */; };
		2E83066320C1046A0073B06E /* Assets.xcassets in Resources */ = {isa = PBXBuildFile; fileRef = 2E83066220C1046A0073B06E /* Assets.xcassets */; };
		2E83066620C1046A0073B06E /* LaunchScreen.storyboard in Resources */ = {isa = PBXBuildFile; fileRef = 2E83066420C1046A0073B06E /* LaunchScreen.storyboard */; };
		2E83067120C1046A0073B06E /* chatTests.swift in Sources */ = {isa = PBXBuildFile; fileRef = 2E83067020C1046A0073B06E /* chatTests.swift */; };
		2E83067D20C105D80073B06E /* LoginController.swift in Sources */ = {isa = PBXBuildFile; fileRef = 2E83067C20C105D80073B06E /* LoginController.swift */; };
		2E83067F20C10AB50073B06E /* GoogleService-Info.plist in Resources */ = {isa = PBXBuildFile; fileRef = 2E83067E20C10AB50073B06E /* GoogleService-Info.plist */; };
		93F66147EE05BF18FAF16BE0 /* Pods_chat.framework in Frameworks */ = {isa = PBXBuildFile; fileRef = F3DD9B07AAFAEEA9ADA0DAF6 /* Pods_chat.framework */; };
		F115E672D726E6D46D1339D2 /* Pods_chatTests.framework in Frameworks */ = {isa = PBXBuildFile; fileRef = 32B008C7CD92C79AD7E1E854 /* Pods_chatTests.framework */; };
/* End PBXBuildFile section */

/* Begin PBXContainerItemProxy section */
		2E83066D20C1046A0073B06E /* PBXContainerItemProxy */ = {
			isa = PBXContainerItemProxy;
			containerPortal = 2E83064D20C104690073B06E /* Project object */;
			proxyType = 1;
			remoteGlobalIDString = 2E83065420C104690073B06E;
			remoteInfo = chat;
		};
/* End PBXContainerItemProxy section */

/* Begin PBXFileReference section */
		1D3376358B66CF2FCB4B1531 /* Pods-chat.debug.xcconfig */ = {isa = PBXFileReference; includeInIndex = 1; lastKnownFileType = text.xcconfig; name = "Pods-chat.debug.xcconfig"; path = "Pods/Target Support Files/Pods-chat/Pods-chat.debug.xcconfig"; sourceTree = "<group>"; };
		1D4369AF70C4ADEC43DEEB79 /* Pods-chatTests.release.xcconfig */ = {isa = PBXFileReference; includeInIndex = 1; lastKnownFileType = text.xcconfig; name = "Pods-chatTests.release.xcconfig"; path = "Pods/Target Support Files/Pods-chatTests/Pods-chatTests.release.xcconfig"; sourceTree = "<group>"; };
		2E2CA98220C3785A00B5CCF4 /* NewMessageController.swift */ = {isa = PBXFileReference; lastKnownFileType = sourcecode.swift; path = NewMessageController.swift; sourceTree = "<group>"; };
		2E2CA98520C4ACC800B5CCF4 /* User.swift */ = {isa = PBXFileReference; lastKnownFileType = sourcecode.swift; path = User.swift; sourceTree = "<group>"; };
		2E2CA98720C5FF6E00B5CCF4 /* LoginController+handlers.swift */ = {isa = PBXFileReference; lastKnownFileType = sourcecode.swift; path = "LoginController+handlers.swift"; sourceTree = "<group>"; };
		2E3AD48920CEFEFD003E4877 /* Extensions.swift */ = {isa = PBXFileReference; lastKnownFileType = sourcecode.swift; path = Extensions.swift; sourceTree = "<group>"; };
		2E53C69D20D81717008E88E8 /* ChatLogController.swift */ = {isa = PBXFileReference; lastKnownFileType = sourcecode.swift; path = ChatLogController.swift; sourceTree = "<group>"; };
		2E83065520C104690073B06E /* chat.app */ = {isa = PBXFileReference; explicitFileType = wrapper.application; includeInIndex = 0; path = chat.app; sourceTree = BUILT_PRODUCTS_DIR; };
		2E83065820C104690073B06E /* AppDelegate.swift */ = {isa = PBXFileReference; lastKnownFileType = sourcecode.swift; path = AppDelegate.swift; sourceTree = "<group>"; };
		2E83065A20C104690073B06E /* MessagesController.swift */ = {isa = PBXFileReference; lastKnownFileType = sourcecode.swift; path = MessagesController.swift; sourceTree = "<group>"; };
		2E83065D20C104690073B06E /* Base */ = {isa = PBXFileReference; lastKnownFileType = file.storyboard; name = Base; path = Base.lproj/Main.storyboard; sourceTree = "<group>"; };
		2E83066020C104690073B06E /* chat.xcdatamodel */ = {isa = PBXFileReference; lastKnownFileType = wrapper.xcdatamodel; path = chat.xcdatamodel; sourceTree = "<group>"; };
		2E83066220C1046A0073B06E /* Assets.xcassets */ = {isa = PBXFileReference; lastKnownFileType = folder.assetcatalog; path = Assets.xcassets; sourceTree = "<group>"; };
		2E83066520C1046A0073B06E /* Base */ = {isa = PBXFileReference; lastKnownFileType = file.storyboard; name = Base; path = Base.lproj/LaunchScreen.storyboard; sourceTree = "<group>"; };
		2E83066720C1046A0073B06E /* Info.plist */ = {isa = PBXFileReference; lastKnownFileType = text.plist.xml; path = Info.plist; sourceTree = "<group>"; };
		2E83066C20C1046A0073B06E /* chatTests.xctest */ = {isa = PBXFileReference; explicitFileType = wrapper.cfbundle; includeInIndex = 0; path = chatTests.xctest; sourceTree = BUILT_PRODUCTS_DIR; };
		2E83067020C1046A0073B06E /* chatTests.swift */ = {isa = PBXFileReference; lastKnownFileType = sourcecode.swift; path = chatTests.swift; sourceTree = "<group>"; };
		2E83067220C1046B0073B06E /* Info.plist */ = {isa = PBXFileReference; lastKnownFileType = text.plist.xml; path = Info.plist; sourceTree = "<group>"; };
		2E83067C20C105D80073B06E /* LoginController.swift */ = {isa = PBXFileReference; lastKnownFileType = sourcecode.swift; path = LoginController.swift; sourceTree = "<group>"; };
		2E83067E20C10AB50073B06E /* GoogleService-Info.plist */ = {isa = PBXFileReference; fileEncoding = 4; lastKnownFileType = text.plist.xml; path = "GoogleService-Info.plist"; sourceTree = "<group>"; };
		32B008C7CD92C79AD7E1E854 /* Pods_chatTests.framework */ = {isa = PBXFileReference; explicitFileType = wrapper.framework; includeInIndex = 0; path = Pods_chatTests.framework; sourceTree = BUILT_PRODUCTS_DIR; };
		44D876431A8A9E6711A0183B /* Pods-chatTests.debug.xcconfig */ = {isa = PBXFileReference; includeInIndex = 1; lastKnownFileType = text.xcconfig; name = "Pods-chatTests.debug.xcconfig"; path = "Pods/Target Support Files/Pods-chatTests/Pods-chatTests.debug.xcconfig"; sourceTree = "<group>"; };
		F3DD9B07AAFAEEA9ADA0DAF6 /* Pods_chat.framework */ = {isa = PBXFileReference; explicitFileType = wrapper.framework; includeInIndex = 0; path = Pods_chat.framework; sourceTree = BUILT_PRODUCTS_DIR; };
		FF883D437D26A62EE579B16E /* Pods-chat.release.xcconfig */ = {isa = PBXFileReference; includeInIndex = 1; lastKnownFileType = text.xcconfig; name = "Pods-chat.release.xcconfig"; path = "Pods/Target Support Files/Pods-chat/Pods-chat.release.xcconfig"; sourceTree = "<group>"; };
/* End PBXFileReference section */

/* Begin PBXFrameworksBuildPhase section */
		2E83065220C104690073B06E /* Frameworks */ = {
			isa = PBXFrameworksBuildPhase;
			buildActionMask = 2147483647;
			files = (
				93F66147EE05BF18FAF16BE0 /* Pods_chat.framework in Frameworks */,
			);
			runOnlyForDeploymentPostprocessing = 0;
		};
		2E83066920C1046A0073B06E /* Frameworks */ = {
			isa = PBXFrameworksBuildPhase;
			buildActionMask = 2147483647;
			files = (
				F115E672D726E6D46D1339D2 /* Pods_chatTests.framework in Frameworks */,
			);
			runOnlyForDeploymentPostprocessing = 0;
		};
/* End PBXFrameworksBuildPhase section */

/* Begin PBXGroup section */
		2E2CA98420C4AC9F00B5CCF4 /* Model */ = {
			isa = PBXGroup;
			children = (
				2E2CA98520C4ACC800B5CCF4 /* User.swift */,
			);
			path = Model;
			sourceTree = "<group>";
		};
		2E3AD48820CEFEE5003E4877 /* Helpers */ = {
			isa = PBXGroup;
			children = (
				2E3AD48920CEFEFD003E4877 /* Extensions.swift */,
			);
			path = Helpers;
			sourceTree = "<group>";
		};
		2E83064C20C104690073B06E = {
			isa = PBXGroup;
			children = (
				2E83065720C104690073B06E /* chat */,
				2E83066F20C1046A0073B06E /* chatTests */,
				2E83065620C104690073B06E /* Products */,
				59DDFE8037A48933B3DF8A1A /* Pods */,
				710F858EB08B6C9370C7716D /* Frameworks */,
			);
			sourceTree = "<group>";
		};
		2E83065620C104690073B06E /* Products */ = {
			isa = PBXGroup;
			children = (
				2E83065520C104690073B06E /* chat.app */,
				2E83066C20C1046A0073B06E /* chatTests.xctest */,
			);
			name = Products;
			sourceTree = "<group>";
		};
		2E83065720C104690073B06E /* chat */ = {
			isa = PBXGroup;
			children = (
				2E3AD48820CEFEE5003E4877 /* Helpers */,
				2E2CA98420C4AC9F00B5CCF4 /* Model */,
				2E83067B20C105920073B06E /* Controller */,
				2E83065820C104690073B06E /* AppDelegate.swift */,
				2E83065C20C104690073B06E /* Main.storyboard */,
				2E83066220C1046A0073B06E /* Assets.xcassets */,
				2E83066420C1046A0073B06E /* LaunchScreen.storyboard */,
				2E83066720C1046A0073B06E /* Info.plist */,
				2E83067E20C10AB50073B06E /* GoogleService-Info.plist */,
				2E83065F20C104690073B06E /* chat.xcdatamodeld */,
			);
			path = chat;
			sourceTree = "<group>";
		};
		2E83066F20C1046A0073B06E /* chatTests */ = {
			isa = PBXGroup;
			children = (
				2E83067020C1046A0073B06E /* chatTests.swift */,
				2E83067220C1046B0073B06E /* Info.plist */,
			);
			path = chatTests;
			sourceTree = "<group>";
		};
		2E83067B20C105920073B06E /* Controller */ = {
			isa = PBXGroup;
			children = (
				2E83065A20C104690073B06E /* MessagesController.swift */,
				2E83067C20C105D80073B06E /* LoginController.swift */,
				2E2CA98220C3785A00B5CCF4 /* NewMessageController.swift */,
				2E2CA98720C5FF6E00B5CCF4 /* LoginController+handlers.swift */,
				2E53C69D20D81717008E88E8 /* ChatLogController.swift */,
			);
			path = Controller;
			sourceTree = "<group>";
		};
		59DDFE8037A48933B3DF8A1A /* Pods */ = {
			isa = PBXGroup;
			children = (
				1D3376358B66CF2FCB4B1531 /* Pods-chat.debug.xcconfig */,
				FF883D437D26A62EE579B16E /* Pods-chat.release.xcconfig */,
				44D876431A8A9E6711A0183B /* Pods-chatTests.debug.xcconfig */,
				1D4369AF70C4ADEC43DEEB79 /* Pods-chatTests.release.xcconfig */,
			);
			name = Pods;
			sourceTree = "<group>";
		};
		710F858EB08B6C9370C7716D /* Frameworks */ = {
			isa = PBXGroup;
			children = (
				F3DD9B07AAFAEEA9ADA0DAF6 /* Pods_chat.framework */,
				32B008C7CD92C79AD7E1E854 /* Pods_chatTests.framework */,
			);
			name = Frameworks;
			sourceTree = "<group>";
		};
/* End PBXGroup section */

/* Begin PBXNativeTarget section */
		2E83065420C104690073B06E /* chat */ = {
			isa = PBXNativeTarget;
			buildConfigurationList = 2E83067520C1046B0073B06E /* Build configuration list for PBXNativeTarget "chat" */;
			buildPhases = (
				BF993DD79057EDC91E4DDE7D /* [CP] Check Pods Manifest.lock */,
				2E83065120C104690073B06E /* Sources */,
				2E83065220C104690073B06E /* Frameworks */,
				2E83065320C104690073B06E /* Resources */,
				12109024A2E9605E20B92240 /* [CP] Embed Pods Frameworks */,
			);
			buildRules = (
			);
			dependencies = (
			);
			name = chat;
			productName = chat;
			productReference = 2E83065520C104690073B06E /* chat.app */;
			productType = "com.apple.product-type.application";
		};
		2E83066B20C1046A0073B06E /* chatTests */ = {
			isa = PBXNativeTarget;
			buildConfigurationList = 2E83067820C1046B0073B06E /* Build configuration list for PBXNativeTarget "chatTests" */;
			buildPhases = (
				FA919D7BD7E2A94443642ED2 /* [CP] Check Pods Manifest.lock */,
				2E83066820C1046A0073B06E /* Sources */,
				2E83066920C1046A0073B06E /* Frameworks */,
				2E83066A20C1046A0073B06E /* Resources */,
			);
			buildRules = (
			);
			dependencies = (
				2E83066E20C1046A0073B06E /* PBXTargetDependency */,
			);
			name = chatTests;
			productName = chatTests;
			productReference = 2E83066C20C1046A0073B06E /* chatTests.xctest */;
			productType = "com.apple.product-type.bundle.unit-test";
		};
/* End PBXNativeTarget section */

/* Begin PBXProject section */
		2E83064D20C104690073B06E /* Project object */ = {
			isa = PBXProject;
			attributes = {
				LastSwiftUpdateCheck = 0930;
				LastUpgradeCheck = 0930;
				ORGANIZATIONNAME = "Trung Vo";
				TargetAttributes = {
					2E83065420C104690073B06E = {
						CreatedOnToolsVersion = 9.3.1;
					};
					2E83066B20C1046A0073B06E = {
						CreatedOnToolsVersion = 9.3.1;
						TestTargetID = 2E83065420C104690073B06E;
					};
				};
			};
			buildConfigurationList = 2E83065020C104690073B06E /* Build configuration list for PBXProject "chat" */;
			compatibilityVersion = "Xcode 9.3";
			developmentRegion = en;
			hasScannedForEncodings = 0;
			knownRegions = (
				en,
				Base,
			);
			mainGroup = 2E83064C20C104690073B06E;
			productRefGroup = 2E83065620C104690073B06E /* Products */;
			projectDirPath = "";
			projectRoot = "";
			targets = (
				2E83065420C104690073B06E /* chat */,
				2E83066B20C1046A0073B06E /* chatTests */,
			);
		};
/* End PBXProject section */

/* Begin PBXResourcesBuildPhase section */
		2E83065320C104690073B06E /* Resources */ = {
			isa = PBXResourcesBuildPhase;
			buildActionMask = 2147483647;
			files = (
				2E83066620C1046A0073B06E /* LaunchScreen.storyboard in Resources */,
				2E83067F20C10AB50073B06E /* GoogleService-Info.plist in Resources */,
				2E83066320C1046A0073B06E /* Assets.xcassets in Resources */,
				2E83065E20C104690073B06E /* Main.storyboard in Resources */,
			);
			runOnlyForDeploymentPostprocessing = 0;
		};
		2E83066A20C1046A0073B06E /* Resources */ = {
			isa = PBXResourcesBuildPhase;
			buildActionMask = 2147483647;
			files = (
			);
			runOnlyForDeploymentPostprocessing = 0;
		};
/* End PBXResourcesBuildPhase section */

/* Begin PBXShellScriptBuildPhase section */
		12109024A2E9605E20B92240 /* [CP] Embed Pods Frameworks */ = {
			isa = PBXShellScriptBuildPhase;
			buildActionMask = 2147483647;
			files = (
			);
			inputPaths = (
				"${SRCROOT}/Pods/Target Support Files/Pods-chat/Pods-chat-frameworks.sh",
				"${BUILT_PRODUCTS_DIR}/GTMSessionFetcher/GTMSessionFetcher.framework",
				"${BUILT_PRODUCTS_DIR}/GoogleToolboxForMac/GoogleToolboxForMac.framework",
				"${BUILT_PRODUCTS_DIR}/leveldb-library/leveldb.framework",
				"${BUILT_PRODUCTS_DIR}/nanopb/nanopb.framework",
			);
			name = "[CP] Embed Pods Frameworks";
			outputPaths = (
				"${TARGET_BUILD_DIR}/${FRAMEWORKS_FOLDER_PATH}/GTMSessionFetcher.framework",
				"${TARGET_BUILD_DIR}/${FRAMEWORKS_FOLDER_PATH}/GoogleToolboxForMac.framework",
				"${TARGET_BUILD_DIR}/${FRAMEWORKS_FOLDER_PATH}/leveldb.framework",
				"${TARGET_BUILD_DIR}/${FRAMEWORKS_FOLDER_PATH}/nanopb.framework",
			);
			runOnlyForDeploymentPostprocessing = 0;
			shellPath = /bin/sh;
			shellScript = "\"${SRCROOT}/Pods/Target Support Files/Pods-chat/Pods-chat-frameworks.sh\"\n";
			showEnvVarsInLog = 0;
		};
		BF993DD79057EDC91E4DDE7D /* [CP] Check Pods Manifest.lock */ = {
			isa = PBXShellScriptBuildPhase;
			buildActionMask = 2147483647;
			files = (
			);
			inputPaths = (
				"${PODS_PODFILE_DIR_PATH}/Podfile.lock",
				"${PODS_ROOT}/Manifest.lock",
			);
			name = "[CP] Check Pods Manifest.lock";
			outputPaths = (
				"$(DERIVED_FILE_DIR)/Pods-chat-checkManifestLockResult.txt",
			);
			runOnlyForDeploymentPostprocessing = 0;
			shellPath = /bin/sh;
			shellScript = "diff \"${PODS_PODFILE_DIR_PATH}/Podfile.lock\" \"${PODS_ROOT}/Manifest.lock\" > /dev/null\nif [ $? != 0 ] ; then\n    # print error to STDERR\n    echo \"error: The sandbox is not in sync with the Podfile.lock. Run 'pod install' or update your CocoaPods installation.\" >&2\n    exit 1\nfi\n# This output is used by Xcode 'outputs' to avoid re-running this script phase.\necho \"SUCCESS\" > \"${SCRIPT_OUTPUT_FILE_0}\"\n";
			showEnvVarsInLog = 0;
		};
		FA919D7BD7E2A94443642ED2 /* [CP] Check Pods Manifest.lock */ = {
			isa = PBXShellScriptBuildPhase;
			buildActionMask = 2147483647;
			files = (
			);
			inputPaths = (
				"${PODS_PODFILE_DIR_PATH}/Podfile.lock",
				"${PODS_ROOT}/Manifest.lock",
			);
			name = "[CP] Check Pods Manifest.lock";
			outputPaths = (
				"$(DERIVED_FILE_DIR)/Pods-chatTests-checkManifestLockResult.txt",
			);
			runOnlyForDeploymentPostprocessing = 0;
			shellPath = /bin/sh;
			shellScript = "diff \"${PODS_PODFILE_DIR_PATH}/Podfile.lock\" \"${PODS_ROOT}/Manifest.lock\" > /dev/null\nif [ $? != 0 ] ; then\n    # print error to STDERR\n    echo \"error: The sandbox is not in sync with the Podfile.lock. Run 'pod install' or update your CocoaPods installation.\" >&2\n    exit 1\nfi\n# This output is used by Xcode 'outputs' to avoid re-running this script phase.\necho \"SUCCESS\" > \"${SCRIPT_OUTPUT_FILE_0}\"\n";
			showEnvVarsInLog = 0;
		};
/* End PBXShellScriptBuildPhase section */

/* Begin PBXSourcesBuildPhase section */
		2E83065120C104690073B06E /* Sources */ = {
			isa = PBXSourcesBuildPhase;
			buildActionMask = 2147483647;
			files = (
				2E53C69E20D81717008E88E8 /* ChatLogController.swift in Sources */,
				2E83065B20C104690073B06E /* MessagesController.swift in Sources */,
				2E2CA98320C3785A00B5CCF4 /* NewMessageController.swift in Sources */,
				2E2CA98620C4ACC800B5CCF4 /* User.swift in Sources */,
				2E3AD48A20CEFEFD003E4877 /* Extensions.swift in Sources */,
				2E83067D20C105D80073B06E /* LoginController.swift in Sources */,
				2E2CA98820C5FF6E00B5CCF4 /* LoginController+handlers.swift in Sources */,
				2E83066120C104690073B06E /* chat.xcdatamodeld in Sources */,
				2E83065920C104690073B06E /* AppDelegate.swift in Sources */,
			);
			runOnlyForDeploymentPostprocessing = 0;
		};
		2E83066820C1046A0073B06E /* Sources */ = {
			isa = PBXSourcesBuildPhase;
			buildActionMask = 2147483647;
			files = (
				2E83067120C1046A0073B06E /* chatTests.swift in Sources */,
			);
			runOnlyForDeploymentPostprocessing = 0;
		};
/* End PBXSourcesBuildPhase section */

/* Begin PBXTargetDependency section */
		2E83066E20C1046A0073B06E /* PBXTargetDependency */ = {
			isa = PBXTargetDependency;
			target = 2E83065420C104690073B06E /* chat */;
			targetProxy = 2E83066D20C1046A0073B06E /* PBXContainerItemProxy */;
		};
/* End PBXTargetDependency section */

/* Begin PBXVariantGroup section */
		2E83065C20C104690073B06E /* Main.storyboard */ = {
			isa = PBXVariantGroup;
			children = (
				2E83065D20C104690073B06E /* Base */,
			);
			name = Main.storyboard;
			sourceTree = "<group>";
		};
		2E83066420C1046A0073B06E /* LaunchScreen.storyboard */ = {
			isa = PBXVariantGroup;
			children = (
				2E83066520C1046A0073B06E /* Base */,
			);
			name = LaunchScreen.storyboard;
			sourceTree = "<group>";
		};
/* End PBXVariantGroup section */

/* Begin XCBuildConfiguration section */
		2E83067320C1046B0073B06E /* Debug */ = {
			isa = XCBuildConfiguration;
			buildSettings = {
				ALWAYS_SEARCH_USER_PATHS = NO;
				CLANG_ANALYZER_NONNULL = YES;
				CLANG_ANALYZER_NUMBER_OBJECT_CONVERSION = YES_AGGRESSIVE;
				CLANG_CXX_LANGUAGE_STANDARD = "gnu++14";
				CLANG_CXX_LIBRARY = "libc++";
				CLANG_ENABLE_MODULES = YES;
				CLANG_ENABLE_OBJC_ARC = YES;
				CLANG_ENABLE_OBJC_WEAK = YES;
				CLANG_WARN_BLOCK_CAPTURE_AUTORELEASING = YES;
				CLANG_WARN_BOOL_CONVERSION = YES;
				CLANG_WARN_COMMA = YES;
				CLANG_WARN_CONSTANT_CONVERSION = YES;
				CLANG_WARN_DEPRECATED_OBJC_IMPLEMENTATIONS = YES;
				CLANG_WARN_DIRECT_OBJC_ISA_USAGE = YES_ERROR;
				CLANG_WARN_DOCUMENTATION_COMMENTS = YES;
				CLANG_WARN_EMPTY_BODY = YES;
				CLANG_WARN_ENUM_CONVERSION = YES;
				CLANG_WARN_INFINITE_RECURSION = YES;
				CLANG_WARN_INT_CONVERSION = YES;
				CLANG_WARN_NON_LITERAL_NULL_CONVERSION = YES;
				CLANG_WARN_OBJC_IMPLICIT_RETAIN_SELF = YES;
				CLANG_WARN_OBJC_LITERAL_CONVERSION = YES;
				CLANG_WARN_OBJC_ROOT_CLASS = YES_ERROR;
				CLANG_WARN_RANGE_LOOP_ANALYSIS = YES;
				CLANG_WARN_STRICT_PROTOTYPES = YES;
				CLANG_WARN_SUSPICIOUS_MOVE = YES;
				CLANG_WARN_UNGUARDED_AVAILABILITY = YES_AGGRESSIVE;
				CLANG_WARN_UNREACHABLE_CODE = YES;
				CLANG_WARN__DUPLICATE_METHOD_MATCH = YES;
				CODE_SIGN_IDENTITY = "iPhone Developer";
				COPY_PHASE_STRIP = NO;
				DEBUG_INFORMATION_FORMAT = dwarf;
				ENABLE_STRICT_OBJC_MSGSEND = YES;
				ENABLE_TESTABILITY = YES;
				GCC_C_LANGUAGE_STANDARD = gnu11;
				GCC_DYNAMIC_NO_PIC = NO;
				GCC_NO_COMMON_BLOCKS = YES;
				GCC_OPTIMIZATION_LEVEL = 0;
				GCC_PREPROCESSOR_DEFINITIONS = (
					"DEBUG=1",
					"$(inherited)",
				);
				GCC_WARN_64_TO_32_BIT_CONVERSION = YES;
				GCC_WARN_ABOUT_RETURN_TYPE = YES_ERROR;
				GCC_WARN_UNDECLARED_SELECTOR = YES;
				GCC_WARN_UNINITIALIZED_AUTOS = YES_AGGRESSIVE;
				GCC_WARN_UNUSED_FUNCTION = YES;
				GCC_WARN_UNUSED_VARIABLE = YES;
				IPHONEOS_DEPLOYMENT_TARGET = 11.3;
				MTL_ENABLE_DEBUG_INFO = YES;
				ONLY_ACTIVE_ARCH = YES;
				SDKROOT = iphoneos;
				SWIFT_ACTIVE_COMPILATION_CONDITIONS = DEBUG;
				SWIFT_OPTIMIZATION_LEVEL = "-Onone";
			};
			name = Debug;
		};
		2E83067420C1046B0073B06E /* Release */ = {
			isa = XCBuildConfiguration;
			buildSettings = {
				ALWAYS_SEARCH_USER_PATHS = NO;
				CLANG_ANALYZER_NONNULL = YES;
				CLANG_ANALYZER_NUMBER_OBJECT_CONVERSION = YES_AGGRESSIVE;
				CLANG_CXX_LANGUAGE_STANDARD = "gnu++14";
				CLANG_CXX_LIBRARY = "libc++";
				CLANG_ENABLE_MODULES = YES;
				CLANG_ENABLE_OBJC_ARC = YES;
				CLANG_ENABLE_OBJC_WEAK = YES;
				CLANG_WARN_BLOCK_CAPTURE_AUTORELEASING = YES;
				CLANG_WARN_BOOL_CONVERSION = YES;
				CLANG_WARN_COMMA = YES;
				CLANG_WARN_CONSTANT_CONVERSION = YES;
				CLANG_WARN_DEPRECATED_OBJC_IMPLEMENTATIONS = YES;
				CLANG_WARN_DIRECT_OBJC_ISA_USAGE = YES_ERROR;
				CLANG_WARN_DOCUMENTATION_COMMENTS = YES;
				CLANG_WARN_EMPTY_BODY = YES;
				CLANG_WARN_ENUM_CONVERSION = YES;
				CLANG_WARN_INFINITE_RECURSION = YES;
				CLANG_WARN_INT_CONVERSION = YES;
				CLANG_WARN_NON_LITERAL_NULL_CONVERSION = YES;
				CLANG_WARN_OBJC_IMPLICIT_RETAIN_SELF = YES;
				CLANG_WARN_OBJC_LITERAL_CONVERSION = YES;
				CLANG_WARN_OBJC_ROOT_CLASS = YES_ERROR;
				CLANG_WARN_RANGE_LOOP_ANALYSIS = YES;
				CLANG_WARN_STRICT_PROTOTYPES = YES;
				CLANG_WARN_SUSPICIOUS_MOVE = YES;
				CLANG_WARN_UNGUARDED_AVAILABILITY = YES_AGGRESSIVE;
				CLANG_WARN_UNREACHABLE_CODE = YES;
				CLANG_WARN__DUPLICATE_METHOD_MATCH = YES;
				CODE_SIGN_IDENTITY = "iPhone Developer";
				COPY_PHASE_STRIP = NO;
				DEBUG_INFORMATION_FORMAT = "dwarf-with-dsym";
				ENABLE_NS_ASSERTIONS = NO;
				ENABLE_STRICT_OBJC_MSGSEND = YES;
				GCC_C_LANGUAGE_STANDARD = gnu11;
				GCC_NO_COMMON_BLOCKS = YES;
				GCC_WARN_64_TO_32_BIT_CONVERSION = YES;
				GCC_WARN_ABOUT_RETURN_TYPE = YES_ERROR;
				GCC_WARN_UNDECLARED_SELECTOR = YES;
				GCC_WARN_UNINITIALIZED_AUTOS = YES_AGGRESSIVE;
				GCC_WARN_UNUSED_FUNCTION = YES;
				GCC_WARN_UNUSED_VARIABLE = YES;
				IPHONEOS_DEPLOYMENT_TARGET = 11.3;
				MTL_ENABLE_DEBUG_INFO = NO;
				SDKROOT = iphoneos;
				SWIFT_COMPILATION_MODE = wholemodule;
				SWIFT_OPTIMIZATION_LEVEL = "-O";
				VALIDATE_PRODUCT = YES;
			};
			name = Release;
		};
		2E83067620C1046B0073B06E /* Debug */ = {
			isa = XCBuildConfiguration;
			baseConfigurationReference = 1D3376358B66CF2FCB4B1531 /* Pods-chat.debug.xcconfig */;
			buildSettings = {
				ASSETCATALOG_COMPILER_APPICON_NAME = AppIcon;
				CODE_SIGN_STYLE = Automatic;
				GCC_WARN_UNUSED_VALUE = NO;
				GCC_WARN_UNUSED_VARIABLE = NO;
				INFOPLIST_FILE = chat/Info.plist;
				LD_RUNPATH_SEARCH_PATHS = (
					"$(inherited)",
					"@executable_path/Frameworks",
				);
				PRODUCT_BUNDLE_IDENTIFIER = com.example.chat;
				PRODUCT_NAME = "$(TARGET_NAME)";
				SWIFT_VERSION = 4.0;
				TARGETED_DEVICE_FAMILY = "1,2";
			};
			name = Debug;
		};
		2E83067720C1046B0073B06E /* Release */ = {
			isa = XCBuildConfiguration;
			baseConfigurationReference = FF883D437D26A62EE579B16E /* Pods-chat.release.xcconfig */;
			buildSettings = {
				ASSETCATALOG_COMPILER_APPICON_NAME = AppIcon;
				CODE_SIGN_STYLE = Automatic;
				GCC_WARN_UNUSED_VALUE = NO;
				GCC_WARN_UNUSED_VARIABLE = NO;
				INFOPLIST_FILE = chat/Info.plist;
				LD_RUNPATH_SEARCH_PATHS = (
					"$(inherited)",
					"@executable_path/Frameworks",
				);
				PRODUCT_BUNDLE_IDENTIFIER = com.example.chat;
				PRODUCT_NAME = "$(TARGET_NAME)";
				SWIFT_VERSION = 4.0;
				TARGETED_DEVICE_FAMILY = "1,2";
			};
			name = Release;
		};
		2E83067920C1046B0073B06E /* Debug */ = {
			isa = XCBuildConfiguration;
			baseConfigurationReference = 44D876431A8A9E6711A0183B /* Pods-chatTests.debug.xcconfig */;
			buildSettings = {
				ALWAYS_EMBED_SWIFT_STANDARD_LIBRARIES = YES;
				BUNDLE_LOADER = "$(TEST_HOST)";
				CODE_SIGN_STYLE = Automatic;
				INFOPLIST_FILE = chatTests/Info.plist;
				LD_RUNPATH_SEARCH_PATHS = (
					"$(inherited)",
					"@executable_path/Frameworks",
					"@loader_path/Frameworks",
				);
				PRODUCT_BUNDLE_IDENTIFIER = com.example.chatTests;
				PRODUCT_NAME = "$(TARGET_NAME)";
				SWIFT_VERSION = 4.0;
				TARGETED_DEVICE_FAMILY = "1,2";
				TEST_HOST = "$(BUILT_PRODUCTS_DIR)/chat.app/chat";
			};
			name = Debug;
		};
		2E83067A20C1046B0073B06E /* Release */ = {
			isa = XCBuildConfiguration;
			baseConfigurationReference = 1D4369AF70C4ADEC43DEEB79 /* Pods-chatTests.release.xcconfig */;
			buildSettings = {
				ALWAYS_EMBED_SWIFT_STANDARD_LIBRARIES = YES;
				BUNDLE_LOADER = "$(TEST_HOST)";
				CODE_SIGN_STYLE = Automatic;
				INFOPLIST_FILE = chatTests/Info.plist;
				LD_RUNPATH_SEARCH_PATHS = (
					"$(inherited)",
					"@executable_path/Frameworks",
					"@loader_path/Frameworks",
				);
				PRODUCT_BUNDLE_IDENTIFIER = com.example.chatTests;
				PRODUCT_NAME = "$(TARGET_NAME)";
				SWIFT_VERSION = 4.0;
				TARGETED_DEVICE_FAMILY = "1,2";
				TEST_HOST = "$(BUILT_PRODUCTS_DIR)/chat.app/chat";
			};
			name = Release;
		};
/* End XCBuildConfiguration section */

/* Begin XCConfigurationList section */
		2E83065020C104690073B06E /* Build configuration list for PBXProject "chat" */ = {
			isa = XCConfigurationList;
			buildConfigurations = (
				2E83067320C1046B0073B06E /* Debug */,
				2E83067420C1046B0073B06E /* Release */,
			);
			defaultConfigurationIsVisible = 0;
			defaultConfigurationName = Release;
		};
		2E83067520C1046B0073B06E /* Build configuration list for PBXNativeTarget "chat" */ = {
			isa = XCConfigurationList;
			buildConfigurations = (
				2E83067620C1046B0073B06E /* Debug */,
				2E83067720C1046B0073B06E /* Release */,
			);
			defaultConfigurationIsVisible = 0;
			defaultConfigurationName = Release;
		};
		2E83067820C1046B0073B06E /* Build configuration list for PBXNativeTarget "chatTests" */ = {
			isa = XCConfigurationList;
			buildConfigurations = (
				2E83067920C1046B0073B06E /* Debug */,
				2E83067A20C1046B0073B06E /* Release */,
			);
			defaultConfigurationIsVisible = 0;
			defaultConfigurationName = Release;
		};
/* End XCConfigurationList section */

/* Begin XCVersionGroup section */
		2E83065F20C104690073B06E /* chat.xcdatamodeld */ = {
			isa = XCVersionGroup;
			children = (
				2E83066020C104690073B06E /* chat.xcdatamodel */,
			);
			currentVersion = 2E83066020C104690073B06E /* chat.xcdatamodel */;
			path = chat.xcdatamodeld;
			sourceTree = "<group>";
			versionGroupType = wrapper.xcdatamodel;
		};
/* End XCVersionGroup section */
	};
	rootObject = 2E83064D20C104690073B06E /* Project object */;
}
